# THIS IS AN AUTOGENERATED FILE. DO NOT EDIT THIS FILE DIRECTLY.
# yarn lockfile v1


influx@^5.4.2:
  version "5.4.2"
  resolved "https://registry.yarnpkg.com/influx/-/influx-5.4.2.tgz#e21a84c236544fab69a393c5a71b845f679999a6"
  integrity sha512-yjP2zwEvkln7MZM6C8ryruDYX/ih/K4zRd6UstUoR59NpTIR1n4AIwmxGBOv8pBfQpx9obijN6+8wd+vBrmpgA==
